
Microsoft Visual Studio Solution File, Format Version 12.00
# Visual Studio Version 17
VisualStudioVersion = 17.0.31903.59
MinimumVisualStudioVersion = 10.0.40219.1
Project("{FAE04EC0-301F-11D3-BF4B-00C04F79EFBC}") = "Homework 6 Login", "Homework 6 Login\Homework 6 Login.csproj", "{FCE16A35-B14B-4F68-9096-3D8B65D3D4C9}"
EndProject
Global
	GlobalSection(SolutionConfigurationPlatforms) = preSolution
		Debug|Any CPU = Debug|Any CPU
		Release|Any CPU = Release|Any CPU
	EndGlobalSection
	GlobalSection(ProjectConfigurationPlatforms) = postSolution
		{FCE16A35-B14B-4F68-9096-3D8B65D3D4C9}.Debug|Any CPU.ActiveCfg = Debug|Any CPU
		{FCE16A35-B14B-4F68-9096-3D8B65D3D4C9}.Debug|Any CPU.Build.0 = Debug|Any CPU
		{FCE16A35-B14B-4F68-9096-3D8B65D3D4C9}.Release|Any CPU.ActiveCfg = Release|Any CPU
		{FCE16A35-B14B-4F68-9096-3D8B65D3D4C9}.Release|Any CPU.Build.0 = Release|Any CPU
	EndGlobalSection
	GlobalSection(SolutionProperties) = preSolution
		HideSolutionNode = FALSE
	EndGlobalSection
	GlobalSection(ExtensibilityGlobals) = postSolution
		SolutionGuid = {45FFCFE3-78F7-499C-AF74-52F1548C624A}
	EndGlobalSection
EndGlobal
